{
    "version": 3,
    "terraform_version": "0.11.14",
    "serial": 5,
    "lineage": "565c3509-8f16-70a9-e645-fa688ecb004d",
    "modules": [
        {
            "path": [
                "root"
            ],
            "outputs": {
                "http": {
                    "sensitive": false,
                    "type": "string",
                    "value": "http://34.70.117.42"
                }
            },
            "resources": {
                "google_compute_instance.nginx-terraform": {
                    "type": "google_compute_instance",
                    "depends_on": [],
                    "primary": {
                        "id": "nginx-terraform",
                        "attributes": {
                            "attached_disk.#": "0",
                            "boot_disk.#": "1",
                            "boot_disk.0.auto_delete": "true",
                            "boot_disk.0.device_name": "persistent-disk-0",
                            "boot_disk.0.disk_encryption_key_raw": "",
                            "boot_disk.0.disk_encryption_key_sha256": "",
                            "boot_disk.0.initialize_params.#": "1",
                            "boot_disk.0.initialize_params.0.image": "https://www.googleapis.com/compute/v1/projects/centos-cloud/global/images/centos-7-v20200205",
                            "boot_disk.0.initialize_params.0.labels.%": "0",
                            "boot_disk.0.initialize_params.0.size": "25",
                            "boot_disk.0.initialize_params.0.type": "pd-ssd",
                            "boot_disk.0.kms_key_self_link": "",
                            "boot_disk.0.mode": "READ_WRITE",
                            "boot_disk.0.source": "https://www.googleapis.com/compute/v1/projects/instant-river-268209/zones/us-central1-c/disks/nginx-terraform",
                            "can_ip_forward": "false",
                            "cpu_platform": "Intel Haswell",
                            "deletion_protection": "true",
                            "description": "",
                            "enable_display": "false",
                            "guest_accelerator.#": "0",
                            "hostname": "",
                            "id": "nginx-terraform",
                            "instance_id": "9123116086305690364",
                            "label_fingerprint": "zfFWjsEziTU=",
                            "labels.%": "3",
                            "labels.osfamily": "redhat",
                            "labels.servertype": "nginxserver",
                            "labels.wayofinstallation": "terraform",
                            "machine_type": "custom-1-4608",
                            "metadata.%": "0",
                            "metadata_fingerprint": "KFzdOL7pkz4=",
                            "metadata_startup_script": "sudo yum update -y \n sudo yum install nginx -y \n sudo systemctl restart nginx \n sudo systemctl enable nginx",
                            "min_cpu_platform": "",
                            "name": "nginx-terraform",
                            "network_interface.#": "1",
                            "network_interface.0.access_config.#": "1",
                            "network_interface.0.access_config.0.assigned_nat_ip": "",
                            "network_interface.0.access_config.0.nat_ip": "34.70.117.42",
                            "network_interface.0.access_config.0.network_tier": "PREMIUM",
                            "network_interface.0.access_config.0.public_ptr_domain_name": "",
                            "network_interface.0.address": "",
                            "network_interface.0.alias_ip_range.#": "0",
                            "network_interface.0.name": "nic0",
                            "network_interface.0.network": "https://www.googleapis.com/compute/v1/projects/instant-river-268209/global/networks/default",
                            "network_interface.0.network_ip": "10.128.0.8",
                            "network_interface.0.subnetwork": "https://www.googleapis.com/compute/v1/projects/instant-river-268209/regions/us-central1/subnetworks/default",
                            "network_interface.0.subnetwork_project": "instant-river-268209",
                            "project": "instant-river-268209",
                            "scheduling.#": "1",
                            "scheduling.0.automatic_restart": "true",
                            "scheduling.0.node_affinities.#": "0",
                            "scheduling.0.on_host_maintenance": "MIGRATE",
                            "scheduling.0.preemptible": "false",
                            "scratch_disk.#": "0",
                            "self_link": "https://www.googleapis.com/compute/v1/projects/instant-river-268209/zones/us-central1-c/instances/nginx-terraform",
                            "service_account.#": "0",
                            "shielded_instance_config.#": "0",
                            "tags.#": "2",
                            "tags.1936433573": "https-server",
                            "tags.988335155": "http-server",
                            "tags_fingerprint": "6smc4R4d39I=",
                            "zone": "us-central1-c"
                        },
                        "meta": {
                            "e2bfb730-ecaa-11e6-8f88-34363bc7c4c0": {
                                "create": 1200000000000,
                                "delete": 1200000000000,
                                "update": 1200000000000
                            },
                            "schema_version": "6"
                        },
                        "tainted": false
                    },
                    "deposed": [],
                    "provider": "provider.google"
                }
            },
            "depends_on": []
        }
    ]
}
