{
    "version": 3,
    "terraform_version": "0.11.14",
    "serial": 6,
    "lineage": "c2125243-07b9-55be-4ed8-9ed643d3ef34",
    "modules": [
        {
            "path": [
                "root"
            ],
            "outputs": {},
            "resources": {},
            "depends_on": []
        },
        {
            "path": [
                "root",
                "instances"
            ],
            "outputs": {
                "private_managed_group": {
                    "sensitive": false,
                    "type": "string",
                    "value": "https://www.googleapis.com/compute/v1/projects/my-first98764321-project/regions/us-central1/instanceGroups/instance-group-pr-manager"
                },
                "public_managed_group": {
                    "sensitive": false,
                    "type": "string",
                    "value": "https://www.googleapis.com/compute/v1/projects/my-first98764321-project/regions/us-central1/instanceGroups/instance-group-pb-manager"
                }
            },
            "resources": {
                "google_compute_instance.bastion": {
                    "type": "google_compute_instance",
                    "depends_on": [],
                    "primary": {
                        "id": "bastion",
                        "attributes": {
                            "attached_disk.#": "0",
                            "boot_disk.#": "1",
                            "boot_disk.0.auto_delete": "true",
                            "boot_disk.0.device_name": "persistent-disk-0",
                            "boot_disk.0.disk_encryption_key_raw": "",
                            "boot_disk.0.disk_encryption_key_sha256": "",
                            "boot_disk.0.initialize_params.#": "1",
                            "boot_disk.0.initialize_params.0.image": "https://www.googleapis.com/compute/v1/projects/centos-cloud/global/images/centos-7-v20200205",
                            "boot_disk.0.initialize_params.0.labels.%": "0",
                            "boot_disk.0.initialize_params.0.size": "10",
                            "boot_disk.0.initialize_params.0.type": "pd-ssd",
                            "boot_disk.0.kms_key_self_link": "",
                            "boot_disk.0.mode": "READ_WRITE",
                            "boot_disk.0.source": "https://www.googleapis.com/compute/v1/projects/my-first98764321-project/zones/us-central1-a/disks/bastion",
                            "can_ip_forward": "false",
                            "cpu_platform": "Intel Haswell",
                            "deletion_protection": "false",
                            "description": "",
                            "enable_display": "false",
                            "guest_accelerator.#": "0",
                            "hostname": "",
                            "id": "bastion",
                            "instance_id": "30712922454064134",
                            "label_fingerprint": "42WmSpB8rSM=",
                            "labels.%": "0",
                            "machine_type": "g1-small",
                            "metadata.%": "0",
                            "metadata_fingerprint": "EmEVSuKHbZA=",
                            "metadata_startup_script": "",
                            "min_cpu_platform": "",
                            "name": "bastion",
                            "network_interface.#": "1",
                            "network_interface.0.access_config.#": "1",
                            "network_interface.0.access_config.0.assigned_nat_ip": "",
                            "network_interface.0.access_config.0.nat_ip": "35.239.143.49",
                            "network_interface.0.access_config.0.network_tier": "PREMIUM",
                            "network_interface.0.access_config.0.public_ptr_domain_name": "",
                            "network_interface.0.address": "",
                            "network_interface.0.alias_ip_range.#": "0",
                            "network_interface.0.name": "nic0",
                            "network_interface.0.network": "https://www.googleapis.com/compute/v1/projects/my-first98764321-project/global/networks/brytsikava-vpc",
                            "network_interface.0.network_ip": "10.15.1.2",
                            "network_interface.0.subnetwork": "https://www.googleapis.com/compute/v1/projects/my-first98764321-project/regions/us-central1/subnetworks/firewall-public",
                            "network_interface.0.subnetwork_project": "my-first98764321-project",
                            "project": "my-first98764321-project",
                            "scheduling.#": "1",
                            "scheduling.0.automatic_restart": "true",
                            "scheduling.0.node_affinities.#": "0",
                            "scheduling.0.on_host_maintenance": "MIGRATE",
                            "scheduling.0.preemptible": "false",
                            "scratch_disk.#": "0",
                            "self_link": "https://www.googleapis.com/compute/v1/projects/my-first98764321-project/zones/us-central1-a/instances/bastion",
                            "service_account.#": "0",
                            "shielded_instance_config.#": "0",
                            "tags.#": "2",
                            "tags.1896955642": "ssh-server",
                            "tags.4002270276": "ssh",
                            "tags_fingerprint": "EkC6CzEbDbc=",
                            "zone": "us-central1-a"
                        },
                        "meta": {
                            "e2bfb730-ecaa-11e6-8f88-34363bc7c4c0": {
                                "create": 1200000000000,
                                "delete": 1200000000000,
                                "update": 1200000000000
                            },
                            "schema_version": "6"
                        },
                        "tainted": false
                    },
                    "deposed": [],
                    "provider": "provider.google"
                },
                "google_compute_instance_template.db": {
                    "type": "google_compute_instance_template",
                    "depends_on": [],
                    "primary": {
                        "id": "db-template",
                        "attributes": {
                            "can_ip_forward": "true",
                            "description": "",
                            "disk.#": "1",
                            "disk.0.auto_delete": "true",
                            "disk.0.boot": "true",
                            "disk.0.device_name": "persistent-disk-0",
                            "disk.0.disk_encryption_key.#": "0",
                            "disk.0.disk_name": "",
                            "disk.0.disk_size_gb": "0",
                            "disk.0.disk_type": "pd-standard",
                            "disk.0.interface": "SCSI",
                            "disk.0.labels.%": "0",
                            "disk.0.mode": "READ_WRITE",
                            "disk.0.source": "",
                            "disk.0.source_image": "projects/centos-cloud/global/images/family/centos-7",
                            "disk.0.type": "PERSISTENT",
                            "id": "db-template",
                            "instance_description": "",
                            "machine_type": "g1-small",
                            "metadata.%": "0",
                            "metadata_fingerprint": "EmEVSuKHbZA=",
                            "min_cpu_platform": "",
                            "name": "db-template",
                            "network_interface.#": "1",
                            "network_interface.0.access_config.#": "0",
                            "network_interface.0.address": "",
                            "network_interface.0.alias_ip_range.#": "0",
                            "network_interface.0.network": "https://www.googleapis.com/compute/v1/projects/my-first98764321-project/global/networks/brytsikava-vpc",
                            "network_interface.0.network_ip": "",
                            "network_interface.0.subnetwork": "https://www.googleapis.com/compute/v1/projects/my-first98764321-project/regions/us-central1/subnetworks/firewall-private",
                            "network_interface.0.subnetwork_project": "my-first98764321-project",
                            "project": "my-first98764321-project",
                            "region": "us-central1",
                            "scheduling.#": "1",
                            "scheduling.0.automatic_restart": "true",
                            "scheduling.0.node_affinities.#": "0",
                            "scheduling.0.on_host_maintenance": "MIGRATE",
                            "scheduling.0.preemptible": "false",
                            "self_link": "https://www.googleapis.com/compute/beta/projects/my-first98764321-project/global/instanceTemplates/db-template",
                            "tags.#": "2",
                            "tags.2426290819": "ssh-internal",
                            "tags.2758837156": "open",
                            "tags_fingerprint": ""
                        },
                        "meta": {
                            "schema_version": "1"
                        },
                        "tainted": false
                    },
                    "deposed": [],
                    "provider": "provider.google"
                },
                "google_compute_instance_template.nginxserver": {
                    "type": "google_compute_instance_template",
                    "depends_on": [],
                    "primary": {
                        "id": "webserver-template",
                        "attributes": {
                            "can_ip_forward": "true",
                            "description": "",
                            "disk.#": "1",
                            "disk.0.auto_delete": "true",
                            "disk.0.boot": "true",
                            "disk.0.device_name": "persistent-disk-0",
                            "disk.0.disk_encryption_key.#": "0",
                            "disk.0.disk_name": "",
                            "disk.0.disk_size_gb": "0",
                            "disk.0.disk_type": "pd-standard",
                            "disk.0.interface": "SCSI",
                            "disk.0.labels.%": "0",
                            "disk.0.mode": "READ_WRITE",
                            "disk.0.source": "",
                            "disk.0.source_image": "projects/centos-cloud/global/images/family/centos-7",
                            "disk.0.type": "PERSISTENT",
                            "id": "webserver-template",
                            "instance_description": "",
                            "machine_type": "g1-small",
                            "metadata.%": "0",
                            "metadata_fingerprint": "DJi0EZaW1WU=",
                            "metadata_startup_script": "sudo yum update -y \n sudo yum install nginx -y \n sudo systemctl restart nginx \n sudo echo 'Hello from Anastasiya Brytsikava!' \u003e /tmp/index1.html \n cp /tmp/index1.html /usr/share/nginx/html/index.html",
                            "min_cpu_platform": "",
                            "name": "webserver-template",
                            "network_interface.#": "1",
                            "network_interface.0.access_config.#": "1",
                            "network_interface.0.access_config.0.assigned_nat_ip": "",
                            "network_interface.0.access_config.0.nat_ip": "",
                            "network_interface.0.access_config.0.network_tier": "PREMIUM",
                            "network_interface.0.address": "",
                            "network_interface.0.alias_ip_range.#": "0",
                            "network_interface.0.network": "https://www.googleapis.com/compute/v1/projects/my-first98764321-project/global/networks/brytsikava-vpc",
                            "network_interface.0.network_ip": "",
                            "network_interface.0.subnetwork": "https://www.googleapis.com/compute/v1/projects/my-first98764321-project/regions/us-central1/subnetworks/firewall-public",
                            "network_interface.0.subnetwork_project": "my-first98764321-project",
                            "project": "my-first98764321-project",
                            "region": "us-central1",
                            "scheduling.#": "1",
                            "scheduling.0.automatic_restart": "true",
                            "scheduling.0.node_affinities.#": "0",
                            "scheduling.0.on_host_maintenance": "MIGRATE",
                            "scheduling.0.preemptible": "false",
                            "self_link": "https://www.googleapis.com/compute/beta/projects/my-first98764321-project/global/instanceTemplates/webserver-template",
                            "tags.#": "2",
                            "tags.2426290819": "ssh-internal",
                            "tags.2541227442": "http",
                            "tags_fingerprint": ""
                        },
                        "meta": {
                            "schema_version": "1"
                        },
                        "tainted": false
                    },
                    "deposed": [],
                    "provider": "provider.google"
                },
                "google_compute_region_instance_group_manager.private_group": {
                    "type": "google_compute_region_instance_group_manager",
                    "depends_on": [
                        "google_compute_instance_template.db",
                        "google_compute_target_pool.inner_load_balancer"
                    ],
                    "primary": {
                        "id": "my-first98764321-project/us-central1/instance-group-pr-manager",
                        "attributes": {
                            "auto_healing_policies.#": "0",
                            "base_instance_name": "pr-server",
                            "description": "",
                            "distribution_policy_zones.#": "3",
                            "distribution_policy_zones.1919306328": "us-central1-b",
                            "distribution_policy_zones.3949927394": "us-central1-a",
                            "distribution_policy_zones.90274510": "us-central1-c",
                            "fingerprint": "cra8JxJonYw=",
                            "id": "my-first98764321-project/us-central1/instance-group-pr-manager",
                            "instance_group": "https://www.googleapis.com/compute/v1/projects/my-first98764321-project/regions/us-central1/instanceGroups/instance-group-pr-manager",
                            "instance_template": "https://www.googleapis.com/compute/v1/projects/my-first98764321-project/global/instanceTemplates/db-template",
                            "name": "instance-group-pr-manager",
                            "named_port.#": "0",
                            "project": "my-first98764321-project",
                            "region": "us-central1",
                            "rolling_update_policy.#": "0",
                            "self_link": "https://www.googleapis.com/compute/v1/projects/my-first98764321-project/regions/us-central1/instanceGroupManagers/instance-group-pr-manager",
                            "target_pools.#": "1",
                            "target_pools.3704262853": "https://www.googleapis.com/compute/v1/projects/my-first98764321-project/regions/us-central1/targetPools/inner-load-balancer",
                            "target_size": "3",
                            "update_policy.#": "1",
                            "update_policy.0.instance_redistribution_type": "PROACTIVE",
                            "update_policy.0.max_surge_fixed": "3",
                            "update_policy.0.max_surge_percent": "0",
                            "update_policy.0.max_unavailable_fixed": "3",
                            "update_policy.0.max_unavailable_percent": "0",
                            "update_policy.0.min_ready_sec": "0",
                            "update_policy.0.minimal_action": "REPLACE",
                            "update_policy.0.type": "OPPORTUNISTIC",
                            "version.#": "1",
                            "version.0.instance_template": "https://www.googleapis.com/compute/v1/projects/my-first98764321-project/global/instanceTemplates/db-template",
                            "version.0.name": "",
                            "version.0.target_size.#": "0",
                            "wait_for_instances": "false"
                        },
                        "meta": {
                            "e2bfb730-ecaa-11e6-8f88-34363bc7c4c0": {
                                "create": 300000000000,
                                "delete": 900000000000,
                                "update": 300000000000
                            }
                        },
                        "tainted": false
                    },
                    "deposed": [],
                    "provider": "provider.google"
                },
                "google_compute_region_instance_group_manager.public_group": {
                    "type": "google_compute_region_instance_group_manager",
                    "depends_on": [
                        "google_compute_instance_template.nginxserver",
                        "google_compute_target_pool.web_load_balancer"
                    ],
                    "primary": {
                        "id": "my-first98764321-project/us-central1/instance-group-pb-manager",
                        "attributes": {
                            "auto_healing_policies.#": "0",
                            "base_instance_name": "webserver",
                            "description": "",
                            "distribution_policy_zones.#": "3",
                            "distribution_policy_zones.1919306328": "us-central1-b",
                            "distribution_policy_zones.3949927394": "us-central1-a",
                            "distribution_policy_zones.90274510": "us-central1-c",
                            "fingerprint": "xOlZe_0RYZc=",
                            "id": "my-first98764321-project/us-central1/instance-group-pb-manager",
                            "instance_group": "https://www.googleapis.com/compute/v1/projects/my-first98764321-project/regions/us-central1/instanceGroups/instance-group-pb-manager",
                            "instance_template": "https://www.googleapis.com/compute/v1/projects/my-first98764321-project/global/instanceTemplates/webserver-template",
                            "name": "instance-group-pb-manager",
                            "named_port.#": "0",
                            "project": "my-first98764321-project",
                            "region": "us-central1",
                            "rolling_update_policy.#": "0",
                            "self_link": "https://www.googleapis.com/compute/v1/projects/my-first98764321-project/regions/us-central1/instanceGroupManagers/instance-group-pb-manager",
                            "target_pools.#": "1",
                            "target_pools.1767834094": "https://www.googleapis.com/compute/v1/projects/my-first98764321-project/regions/us-central1/targetPools/web-load-balancer",
                            "target_size": "1",
                            "update_policy.#": "1",
                            "update_policy.0.instance_redistribution_type": "PROACTIVE",
                            "update_policy.0.max_surge_fixed": "3",
                            "update_policy.0.max_surge_percent": "0",
                            "update_policy.0.max_unavailable_fixed": "3",
                            "update_policy.0.max_unavailable_percent": "0",
                            "update_policy.0.min_ready_sec": "0",
                            "update_policy.0.minimal_action": "REPLACE",
                            "update_policy.0.type": "OPPORTUNISTIC",
                            "version.#": "1",
                            "version.0.instance_template": "https://www.googleapis.com/compute/v1/projects/my-first98764321-project/global/instanceTemplates/webserver-template",
                            "version.0.name": "",
                            "version.0.target_size.#": "0",
                            "wait_for_instances": "false"
                        },
                        "meta": {
                            "e2bfb730-ecaa-11e6-8f88-34363bc7c4c0": {
                                "create": 300000000000,
                                "delete": 900000000000,
                                "update": 300000000000
                            }
                        },
                        "tainted": false
                    },
                    "deposed": [],
                    "provider": "provider.google"
                },
                "google_compute_target_pool.inner_load_balancer": {
                    "type": "google_compute_target_pool",
                    "depends_on": [],
                    "primary": {
                        "id": "inner-load-balancer",
                        "attributes": {
                            "backup_pool": "",
                            "description": "",
                            "failover_ratio": "0",
                            "health_checks.#": "0",
                            "id": "inner-load-balancer",
                            "instances.#": "3",
                            "instances.1595343433": "us-central1-a/pr-server-hrml",
                            "instances.3753807862": "us-central1-c/pr-server-hvml",
                            "instances.3938653843": "us-central1-b/pr-server-m3sd",
                            "name": "inner-load-balancer",
                            "project": "my-first98764321-project",
                            "region": "us-central1",
                            "self_link": "https://www.googleapis.com/compute/v1/projects/my-first98764321-project/regions/us-central1/targetPools/inner-load-balancer",
                            "session_affinity": "NONE"
                        },
                        "meta": {},
                        "tainted": false
                    },
                    "deposed": [],
                    "provider": "provider.google"
                },
                "google_compute_target_pool.web_load_balancer": {
                    "type": "google_compute_target_pool",
                    "depends_on": [],
                    "primary": {
                        "id": "web-load-balancer",
                        "attributes": {
                            "backup_pool": "",
                            "description": "",
                            "failover_ratio": "0",
                            "health_checks.#": "0",
                            "id": "web-load-balancer",
                            "instances.#": "0",
                            "name": "web-load-balancer",
                            "project": "my-first98764321-project",
                            "region": "us-central1",
                            "self_link": "https://www.googleapis.com/compute/v1/projects/my-first98764321-project/regions/us-central1/targetPools/web-load-balancer",
                            "session_affinity": "NONE"
                        },
                        "meta": {},
                        "tainted": false
                    },
                    "deposed": [],
                    "provider": "provider.google"
                }
            },
            "depends_on": []
        },
        {
            "path": [
                "root",
                "load_balancer"
            ],
            "outputs": {},
            "resources": {
                "google_compute_backend_service.backend-service": {
                    "type": "google_compute_backend_service",
                    "depends_on": [
                        "google_compute_health_check.health"
                    ],
                    "primary": {
                        "id": "nginx-backend-service",
                        "attributes": {
                            "affinity_cookie_ttl_sec": "0",
                            "backend.#": "1",
                            "backend.1597736791.balancing_mode": "UTILIZATION",
                            "backend.1597736791.capacity_scaler": "1",
                            "backend.1597736791.description": "",
                            "backend.1597736791.group": "https://www.googleapis.com/compute/v1/projects/my-first98764321-project/regions/us-central1/instanceGroups/instance-group-pb-manager",
                            "backend.1597736791.max_connections": "0",
                            "backend.1597736791.max_connections_per_endpoint": "0",
                            "backend.1597736791.max_connections_per_instance": "0",
                            "backend.1597736791.max_rate": "0",
                            "backend.1597736791.max_rate_per_endpoint": "0",
                            "backend.1597736791.max_rate_per_instance": "0",
                            "backend.1597736791.max_utilization": "0.8",
                            "cdn_policy.#": "0",
                            "connection_draining_timeout_sec": "300",
                            "creation_timestamp": "2020-02-20T09:42:53.865-08:00",
                            "description": "",
                            "enable_cdn": "false",
                            "fingerprint": "GiI4Y6EcM14=",
                            "health_checks.#": "1",
                            "health_checks.1483828957": "https://www.googleapis.com/compute/v1/projects/my-first98764321-project/global/healthChecks/nginx-health",
                            "iap.#": "0",
                            "id": "nginx-backend-service",
                            "load_balancing_scheme": "EXTERNAL",
                            "name": "nginx-backend-service",
                            "port_name": "http",
                            "project": "my-first98764321-project",
                            "protocol": "HTTP",
                            "security_policy": "",
                            "self_link": "https://www.googleapis.com/compute/v1/projects/my-first98764321-project/global/backendServices/nginx-backend-service",
                            "session_affinity": "NONE",
                            "timeout_sec": "10"
                        },
                        "meta": {
                            "e2bfb730-ecaa-11e6-8f88-34363bc7c4c0": {
                                "create": 240000000000,
                                "delete": 240000000000,
                                "update": 240000000000
                            },
                            "schema_version": "1"
                        },
                        "tainted": false
                    },
                    "deposed": [],
                    "provider": "provider.google"
                },
                "google_compute_forwarding_rule.inner_lb_forwarding-rule": {
                    "type": "google_compute_forwarding_rule",
                    "depends_on": [
                        "google_compute_region_backend_service.inner_load_balancer"
                    ],
                    "primary": {
                        "id": "inner-lb-forwarding-rule",
                        "attributes": {
                            "all_ports": "false",
                            "backend_service": "https://www.googleapis.com/compute/v1/projects/my-first98764321-project/regions/us-central1/backendServices/inner-load-balancer",
                            "creation_timestamp": "2020-02-20T09:41:23.037-08:00",
                            "description": "",
                            "id": "inner-lb-forwarding-rule",
                            "ip_address": "10.15.2.5",
                            "ip_protocol": "TCP",
                            "ip_version": "",
                            "load_balancing_scheme": "INTERNAL",
                            "name": "inner-lb-forwarding-rule",
                            "network": "https://www.googleapis.com/compute/v1/projects/my-first98764321-project/global/networks/brytsikava-vpc",
                            "network_tier": "PREMIUM",
                            "port_range": "",
                            "ports.#": "1",
                            "ports.4184845939": "5432",
                            "project": "my-first98764321-project",
                            "region": "us-central1",
                            "self_link": "https://www.googleapis.com/compute/v1/projects/my-first98764321-project/regions/us-central1/forwardingRules/inner-lb-forwarding-rule",
                            "service_label": "",
                            "service_name": "",
                            "subnetwork": "https://www.googleapis.com/compute/v1/projects/my-first98764321-project/regions/us-central1/subnetworks/firewall-private",
                            "target": ""
                        },
                        "meta": {
                            "e2bfb730-ecaa-11e6-8f88-34363bc7c4c0": {
                                "create": 240000000000,
                                "delete": 240000000000,
                                "update": 240000000000
                            }
                        },
                        "tainted": false
                    },
                    "deposed": [],
                    "provider": "provider.google"
                },
                "google_compute_global_address.web_load_balancer": {
                    "type": "google_compute_global_address",
                    "depends_on": [],
                    "primary": {
                        "id": "web-load-balancer",
                        "attributes": {
                            "address": "34.107.187.155",
                            "address_type": "EXTERNAL",
                            "creation_timestamp": "2020-02-20T09:31:17.674-08:00",
                            "description": "",
                            "id": "web-load-balancer",
                            "ip_version": "",
                            "name": "web-load-balancer",
                            "network": "",
                            "prefix_length": "0",
                            "project": "my-first98764321-project",
                            "purpose": "",
                            "self_link": "https://www.googleapis.com/compute/v1/projects/my-first98764321-project/global/addresses/web-load-balancer"
                        },
                        "meta": {
                            "e2bfb730-ecaa-11e6-8f88-34363bc7c4c0": {
                                "create": 240000000000,
                                "delete": 240000000000
                            }
                        },
                        "tainted": false
                    },
                    "deposed": [],
                    "provider": "provider.google"
                },
                "google_compute_global_forwarding_rule.web_load_balancer": {
                    "type": "google_compute_global_forwarding_rule",
                    "depends_on": [
                        "google_compute_target_http_proxy.web_load_balancer"
                    ],
                    "primary": {
                        "id": "web-load-balancer",
                        "attributes": {
                            "description": "",
                            "id": "web-load-balancer",
                            "ip_address": "34.107.231.208",
                            "ip_protocol": "TCP",
                            "ip_version": "",
                            "load_balancing_scheme": "EXTERNAL",
                            "metadata_filters.#": "0",
                            "name": "web-load-balancer",
                            "port_range": "80-80",
                            "project": "my-first98764321-project",
                            "self_link": "https://www.googleapis.com/compute/v1/projects/my-first98764321-project/global/forwardingRules/web-load-balancer",
                            "target": "https://www.googleapis.com/compute/v1/projects/my-first98764321-project/global/targetHttpProxies/web-load-balancer"
                        },
                        "meta": {
                            "e2bfb730-ecaa-11e6-8f88-34363bc7c4c0": {
                                "create": 240000000000,
                                "delete": 240000000000,
                                "update": 240000000000
                            }
                        },
                        "tainted": false
                    },
                    "deposed": [],
                    "provider": "provider.google"
                },
                "google_compute_health_check.health": {
                    "type": "google_compute_health_check",
                    "depends_on": [],
                    "primary": {
                        "id": "nginx-health",
                        "attributes": {
                            "check_interval_sec": "5",
                            "creation_timestamp": "2020-02-20T09:31:17.691-08:00",
                            "description": "",
                            "healthy_threshold": "2",
                            "http2_health_check.#": "0",
                            "http_health_check.#": "1",
                            "http_health_check.0.host": "",
                            "http_health_check.0.port": "80",
                            "http_health_check.0.port_name": "",
                            "http_health_check.0.port_specification": "",
                            "http_health_check.0.proxy_header": "NONE",
                            "http_health_check.0.request_path": "/",
                            "http_health_check.0.response": "",
                            "https_health_check.#": "0",
                            "id": "nginx-health",
                            "name": "nginx-health",
                            "project": "my-first98764321-project",
                            "self_link": "https://www.googleapis.com/compute/v1/projects/my-first98764321-project/global/healthChecks/nginx-health",
                            "ssl_health_check.#": "0",
                            "tcp_health_check.#": "0",
                            "timeout_sec": "2",
                            "type": "HTTP",
                            "unhealthy_threshold": "2"
                        },
                        "meta": {
                            "e2bfb730-ecaa-11e6-8f88-34363bc7c4c0": {
                                "create": 240000000000,
                                "delete": 240000000000,
                                "update": 240000000000
                            }
                        },
                        "tainted": false
                    },
                    "deposed": [],
                    "provider": "provider.google"
                },
                "google_compute_health_check.tcp_health_check": {
                    "type": "google_compute_health_check",
                    "depends_on": [],
                    "primary": {
                        "id": "tcp-health-check",
                        "attributes": {
                            "check_interval_sec": "5",
                            "creation_timestamp": "2020-02-20T09:31:19.737-08:00",
                            "description": "",
                            "healthy_threshold": "2",
                            "http2_health_check.#": "0",
                            "http_health_check.#": "0",
                            "https_health_check.#": "0",
                            "id": "tcp-health-check",
                            "name": "tcp-health-check",
                            "project": "my-first98764321-project",
                            "self_link": "https://www.googleapis.com/compute/v1/projects/my-first98764321-project/global/healthChecks/tcp-health-check",
                            "ssl_health_check.#": "0",
                            "tcp_health_check.#": "1",
                            "tcp_health_check.0.port": "80",
                            "tcp_health_check.0.port_name": "",
                            "tcp_health_check.0.port_specification": "",
                            "tcp_health_check.0.proxy_header": "NONE",
                            "tcp_health_check.0.request": "",
                            "tcp_health_check.0.response": "",
                            "timeout_sec": "5",
                            "type": "TCP",
                            "unhealthy_threshold": "2"
                        },
                        "meta": {
                            "e2bfb730-ecaa-11e6-8f88-34363bc7c4c0": {
                                "create": 240000000000,
                                "delete": 240000000000,
                                "update": 240000000000
                            }
                        },
                        "tainted": false
                    },
                    "deposed": [],
                    "provider": "provider.google"
                },
                "google_compute_region_backend_service.inner_load_balancer": {
                    "type": "google_compute_region_backend_service",
                    "depends_on": [
                        "google_compute_health_check.tcp_health_check"
                    ],
                    "primary": {
                        "id": "inner-load-balancer",
                        "attributes": {
                            "backend.#": "1",
                            "backend.452186676.balancing_mode": "CONNECTION",
                            "backend.452186676.capacity_scaler": "0",
                            "backend.452186676.description": "",
                            "backend.452186676.group": "https://www.googleapis.com/compute/v1/projects/my-first98764321-project/regions/us-central1/instanceGroups/instance-group-pr-manager",
                            "backend.452186676.max_connections": "0",
                            "backend.452186676.max_connections_per_endpoint": "0",
                            "backend.452186676.max_connections_per_instance": "0",
                            "backend.452186676.max_rate": "0",
                            "backend.452186676.max_rate_per_endpoint": "0",
                            "backend.452186676.max_rate_per_instance": "0",
                            "backend.452186676.max_utilization": "0",
                            "connection_draining_timeout_sec": "0",
                            "creation_timestamp": "2020-02-20T09:41:14.603-08:00",
                            "description": "",
                            "fingerprint": "afn2fI_aUwM=",
                            "health_checks.#": "1",
                            "health_checks.1018346429": "https://www.googleapis.com/compute/v1/projects/my-first98764321-project/global/healthChecks/tcp-health-check",
                            "id": "inner-load-balancer",
                            "load_balancing_scheme": "INTERNAL",
                            "name": "inner-load-balancer",
                            "project": "my-first98764321-project",
                            "protocol": "TCP",
                            "region": "us-central1",
                            "self_link": "https://www.googleapis.com/compute/v1/projects/my-first98764321-project/regions/us-central1/backendServices/inner-load-balancer",
                            "session_affinity": "NONE",
                            "timeout_sec": "30"
                        },
                        "meta": {
                            "e2bfb730-ecaa-11e6-8f88-34363bc7c4c0": {
                                "create": 240000000000,
                                "delete": 240000000000,
                                "update": 240000000000
                            },
                            "schema_version": "1"
                        },
                        "tainted": false
                    },
                    "deposed": [],
                    "provider": "provider.google"
                },
                "google_compute_target_http_proxy.web_load_balancer": {
                    "type": "google_compute_target_http_proxy",
                    "depends_on": [
                        "google_compute_url_map.web_load_balancer"
                    ],
                    "primary": {
                        "id": "web-load-balancer",
                        "attributes": {
                            "creation_timestamp": "2020-02-20T09:43:05.650-08:00",
                            "description": "",
                            "id": "web-load-balancer",
                            "name": "web-load-balancer",
                            "project": "my-first98764321-project",
                            "proxy_id": "4324800677871320006",
                            "self_link": "https://www.googleapis.com/compute/v1/projects/my-first98764321-project/global/targetHttpProxies/web-load-balancer",
                            "url_map": "https://www.googleapis.com/compute/v1/projects/my-first98764321-project/global/urlMaps/web-load-balancer"
                        },
                        "meta": {
                            "e2bfb730-ecaa-11e6-8f88-34363bc7c4c0": {
                                "create": 240000000000,
                                "delete": 240000000000,
                                "update": 240000000000
                            }
                        },
                        "tainted": false
                    },
                    "deposed": [],
                    "provider": "provider.google"
                },
                "google_compute_url_map.web_load_balancer": {
                    "type": "google_compute_url_map",
                    "depends_on": [
                        "google_compute_backend_service.backend-service"
                    ],
                    "primary": {
                        "id": "web-load-balancer",
                        "attributes": {
                            "creation_timestamp": "2020-02-20T09:43:01.675-08:00",
                            "default_service": "https://www.googleapis.com/compute/v1/projects/my-first98764321-project/global/backendServices/nginx-backend-service",
                            "description": "",
                            "fingerprint": "pivGpqIVnH4=",
                            "host_rule.#": "0",
                            "id": "web-load-balancer",
                            "map_id": "6824298733054950346",
                            "name": "web-load-balancer",
                            "path_matcher.#": "0",
                            "project": "my-first98764321-project",
                            "self_link": "https://www.googleapis.com/compute/v1/projects/my-first98764321-project/global/urlMaps/web-load-balancer",
                            "test.#": "0"
                        },
                        "meta": {
                            "e2bfb730-ecaa-11e6-8f88-34363bc7c4c0": {
                                "create": 240000000000,
                                "delete": 240000000000,
                                "update": 240000000000
                            }
                        },
                        "tainted": false
                    },
                    "deposed": [],
                    "provider": "provider.google"
                }
            },
            "depends_on": []
        },
        {
            "path": [
                "root",
                "networks"
            ],
            "outputs": {
                "gateway_address1": {
                    "sensitive": false,
                    "type": "string",
                    "value": "10.15.1.1"
                },
                "gateway_address2": {
                    "sensitive": false,
                    "type": "string",
                    "value": "10.15.2.1"
                },
                "google_compute_firewall_ssh_name": {
                    "sensitive": false,
                    "type": "string",
                    "value": "https://www.googleapis.com/compute/v1/projects/my-first98764321-project/global/firewalls/ssh-external"
                },
                "private_subnetwork": {
                    "sensitive": false,
                    "type": "string",
                    "value": "firewall-private"
                },
                "public_subnetwork": {
                    "sensitive": false,
                    "type": "string",
                    "value": "firewall-public"
                }
            },
            "resources": {
                "google_compute_firewall.firewall-public": {
                    "type": "google_compute_firewall",
                    "depends_on": [
                        "google_compute_network.networks",
                        "google_compute_subnetwork.public_subnetwork"
                    ],
                    "primary": {
                        "id": "firewall-public",
                        "attributes": {
                            "allow.#": "1",
                            "allow.272637744.ports.#": "1",
                            "allow.272637744.ports.0": "80",
                            "allow.272637744.protocol": "tcp",
                            "creation_timestamp": "2020-02-20T09:31:51.342-08:00",
                            "deny.#": "0",
                            "description": "",
                            "destination_ranges.#": "0",
                            "direction": "INGRESS",
                            "disabled": "false",
                            "id": "firewall-public",
                            "name": "firewall-public",
                            "network": "https://www.googleapis.com/compute/v1/projects/my-first98764321-project/global/networks/brytsikava-vpc",
                            "priority": "1000",
                            "project": "my-first98764321-project",
                            "self_link": "https://www.googleapis.com/compute/v1/projects/my-first98764321-project/global/firewalls/firewall-public",
                            "source_ranges.#": "1",
                            "source_ranges.1080289494": "0.0.0.0/0",
                            "source_service_accounts.#": "0",
                            "source_tags.#": "0",
                            "target_service_accounts.#": "0",
                            "target_tags.#": "1",
                            "target_tags.2541227442": "http"
                        },
                        "meta": {
                            "e2bfb730-ecaa-11e6-8f88-34363bc7c4c0": {
                                "create": 240000000000,
                                "delete": 240000000000,
                                "update": 240000000000
                            },
                            "schema_version": "1"
                        },
                        "tainted": false
                    },
                    "deposed": [],
                    "provider": "provider.google"
                },
                "google_compute_firewall.open_ports": {
                    "type": "google_compute_firewall",
                    "depends_on": [
                        "google_compute_network.networks"
                    ],
                    "primary": {
                        "id": "open-ports",
                        "attributes": {
                            "allow.#": "1",
                            "allow.3664964641.ports.#": "1",
                            "allow.3664964641.ports.0": "5432",
                            "allow.3664964641.protocol": "tcp",
                            "creation_timestamp": "2020-02-20T09:31:34.247-08:00",
                            "deny.#": "0",
                            "description": "",
                            "destination_ranges.#": "0",
                            "direction": "INGRESS",
                            "disabled": "false",
                            "id": "open-ports",
                            "name": "open-ports",
                            "network": "https://www.googleapis.com/compute/v1/projects/my-first98764321-project/global/networks/brytsikava-vpc",
                            "priority": "1000",
                            "project": "my-first98764321-project",
                            "self_link": "https://www.googleapis.com/compute/v1/projects/my-first98764321-project/global/firewalls/open-ports",
                            "source_ranges.#": "2",
                            "source_ranges.1483412455": "10.15.1.0/24",
                            "source_ranges.3741278537": "10.15.2.0/24",
                            "source_service_accounts.#": "0",
                            "source_tags.#": "0",
                            "target_service_accounts.#": "0",
                            "target_tags.#": "1",
                            "target_tags.2758837156": "open"
                        },
                        "meta": {
                            "e2bfb730-ecaa-11e6-8f88-34363bc7c4c0": {
                                "create": 240000000000,
                                "delete": 240000000000,
                                "update": 240000000000
                            },
                            "schema_version": "1"
                        },
                        "tainted": false
                    },
                    "deposed": [],
                    "provider": "provider.google"
                },
                "google_compute_firewall.ssh-external": {
                    "type": "google_compute_firewall",
                    "depends_on": [
                        "google_compute_network.networks"
                    ],
                    "primary": {
                        "id": "ssh-external",
                        "attributes": {
                            "allow.#": "1",
                            "allow.803338340.ports.#": "1",
                            "allow.803338340.ports.0": "22",
                            "allow.803338340.protocol": "tcp",
                            "creation_timestamp": "2020-02-20T09:31:33.975-08:00",
                            "deny.#": "0",
                            "description": "",
                            "destination_ranges.#": "0",
                            "direction": "INGRESS",
                            "disabled": "false",
                            "id": "ssh-external",
                            "name": "ssh-external",
                            "network": "https://www.googleapis.com/compute/v1/projects/my-first98764321-project/global/networks/brytsikava-vpc",
                            "priority": "1000",
                            "project": "my-first98764321-project",
                            "self_link": "https://www.googleapis.com/compute/v1/projects/my-first98764321-project/global/firewalls/ssh-external",
                            "source_ranges.#": "1",
                            "source_ranges.1080289494": "0.0.0.0/0",
                            "source_service_accounts.#": "0",
                            "source_tags.#": "0",
                            "target_service_accounts.#": "0",
                            "target_tags.#": "1",
                            "target_tags.4002270276": "ssh"
                        },
                        "meta": {
                            "e2bfb730-ecaa-11e6-8f88-34363bc7c4c0": {
                                "create": 240000000000,
                                "delete": 240000000000,
                                "update": 240000000000
                            },
                            "schema_version": "1"
                        },
                        "tainted": false
                    },
                    "deposed": [],
                    "provider": "provider.google"
                },
                "google_compute_firewall.ssh-internal": {
                    "type": "google_compute_firewall",
                    "depends_on": [
                        "google_compute_network.networks"
                    ],
                    "primary": {
                        "id": "ssh-open",
                        "attributes": {
                            "allow.#": "1",
                            "allow.803338340.ports.#": "1",
                            "allow.803338340.ports.0": "22",
                            "allow.803338340.protocol": "tcp",
                            "creation_timestamp": "2020-02-20T09:31:34.047-08:00",
                            "deny.#": "0",
                            "description": "",
                            "destination_ranges.#": "0",
                            "direction": "INGRESS",
                            "disabled": "false",
                            "id": "ssh-open",
                            "name": "ssh-open",
                            "network": "https://www.googleapis.com/compute/v1/projects/my-first98764321-project/global/networks/brytsikava-vpc",
                            "priority": "1000",
                            "project": "my-first98764321-project",
                            "self_link": "https://www.googleapis.com/compute/v1/projects/my-first98764321-project/global/firewalls/ssh-open",
                            "source_ranges.#": "1",
                            "source_ranges.1483412455": "10.15.1.0/24",
                            "source_service_accounts.#": "0",
                            "source_tags.#": "0",
                            "target_service_accounts.#": "0",
                            "target_tags.#": "1",
                            "target_tags.2426290819": "ssh-internal"
                        },
                        "meta": {
                            "e2bfb730-ecaa-11e6-8f88-34363bc7c4c0": {
                                "create": 240000000000,
                                "delete": 240000000000,
                                "update": 240000000000
                            },
                            "schema_version": "1"
                        },
                        "tainted": false
                    },
                    "deposed": [],
                    "provider": "provider.google"
                },
                "google_compute_network.networks": {
                    "type": "google_compute_network",
                    "depends_on": [],
                    "primary": {
                        "id": "brytsikava-vpc",
                        "attributes": {
                            "auto_create_subnetworks": "false",
                            "delete_default_routes_on_create": "false",
                            "description": "",
                            "gateway_ipv4": "",
                            "id": "brytsikava-vpc",
                            "ipv4_range": "",
                            "name": "brytsikava-vpc",
                            "project": "my-first98764321-project",
                            "routing_mode": "REGIONAL",
                            "self_link": "https://www.googleapis.com/compute/v1/projects/my-first98764321-project/global/networks/brytsikava-vpc"
                        },
                        "meta": {
                            "e2bfb730-ecaa-11e6-8f88-34363bc7c4c0": {
                                "create": 240000000000,
                                "delete": 240000000000,
                                "update": 240000000000
                            }
                        },
                        "tainted": false
                    },
                    "deposed": [],
                    "provider": "provider.google"
                },
                "google_compute_subnetwork.private_subnetwork": {
                    "type": "google_compute_subnetwork",
                    "depends_on": [
                        "google_compute_network.networks"
                    ],
                    "primary": {
                        "id": "us-central1/firewall-private",
                        "attributes": {
                            "creation_timestamp": "2020-02-20T09:31:34.171-08:00",
                            "description": "",
                            "enable_flow_logs": "false",
                            "fingerprint": "57p1BiIpl5M=",
                            "gateway_address": "10.15.2.1",
                            "id": "us-central1/firewall-private",
                            "ip_cidr_range": "10.15.2.0/24",
                            "log_config.#": "0",
                            "name": "firewall-private",
                            "network": "https://www.googleapis.com/compute/v1/projects/my-first98764321-project/global/networks/brytsikava-vpc",
                            "private_ip_google_access": "false",
                            "project": "my-first98764321-project",
                            "region": "us-central1",
                            "secondary_ip_range.#": "0",
                            "self_link": "https://www.googleapis.com/compute/v1/projects/my-first98764321-project/regions/us-central1/subnetworks/firewall-private"
                        },
                        "meta": {
                            "e2bfb730-ecaa-11e6-8f88-34363bc7c4c0": {
                                "create": 360000000000,
                                "delete": 360000000000,
                                "update": 360000000000
                            }
                        },
                        "tainted": false
                    },
                    "deposed": [],
                    "provider": "provider.google"
                },
                "google_compute_subnetwork.public_subnetwork": {
                    "type": "google_compute_subnetwork",
                    "depends_on": [
                        "google_compute_network.networks"
                    ],
                    "primary": {
                        "id": "us-central1/firewall-public",
                        "attributes": {
                            "creation_timestamp": "2020-02-20T09:31:34.107-08:00",
                            "description": "",
                            "enable_flow_logs": "false",
                            "fingerprint": "4KanminkSz8=",
                            "gateway_address": "10.15.1.1",
                            "id": "us-central1/firewall-public",
                            "ip_cidr_range": "10.15.1.0/24",
                            "log_config.#": "0",
                            "name": "firewall-public",
                            "network": "https://www.googleapis.com/compute/v1/projects/my-first98764321-project/global/networks/brytsikava-vpc",
                            "private_ip_google_access": "false",
                            "project": "my-first98764321-project",
                            "region": "us-central1",
                            "secondary_ip_range.#": "0",
                            "self_link": "https://www.googleapis.com/compute/v1/projects/my-first98764321-project/regions/us-central1/subnetworks/firewall-public"
                        },
                        "meta": {
                            "e2bfb730-ecaa-11e6-8f88-34363bc7c4c0": {
                                "create": 360000000000,
                                "delete": 360000000000,
                                "update": 360000000000
                            }
                        },
                        "tainted": false
                    },
                    "deposed": [],
                    "provider": "provider.google"
                }
            },
            "depends_on": []
        }
    ]
}
