{
    "version": 3,
    "terraform_version": "0.11.14",
    "serial": 8,
    "lineage": "ab613346-8e1e-d496-350f-ee919004c669",
    "modules": [
        {
            "path": [
                "root"
            ],
            "outputs": {
                "nat_ip": {
                    "sensitive": false,
                    "type": "string",
                    "value": "http://10.12.1.1"
                },
                "self_link": {
                    "sensitive": false,
                    "type": "string",
                    "value": "https://www.googleapis.com/compute/v1/projects/instant-river-268209/regions/us-central1/subnetworks/public-subnetwork"
                }
            },
            "resources": {
                "google_compute_firewall.firewalls_private": {
                    "type": "google_compute_firewall",
                    "depends_on": [
                        "google_compute_network.networks"
                    ],
                    "primary": {
                        "id": "firewall-private",
                        "attributes": {
                            "allow.#": "2",
                            "allow.1367131964.ports.#": "0",
                            "allow.1367131964.protocol": "icmp",
                            "allow.2250996047.ports.#": "1",
                            "allow.2250996047.ports.0": "0-65535",
                            "allow.2250996047.protocol": "tcp",
                            "creation_timestamp": "2020-02-18T23:55:16.879-08:00",
                            "deny.#": "0",
                            "description": "private firewall params",
                            "destination_ranges.#": "0",
                            "direction": "INGRESS",
                            "disabled": "false",
                            "id": "firewall-private",
                            "name": "firewall-private",
                            "network": "https://www.googleapis.com/compute/v1/projects/instant-river-268209/global/networks/dmitriy-vpc",
                            "priority": "1000",
                            "project": "instant-river-268209",
                            "self_link": "https://www.googleapis.com/compute/v1/projects/instant-river-268209/global/firewalls/firewall-private",
                            "source_ranges.#": "1",
                            "source_ranges.1387141886": "10.12.1.0/24",
                            "source_service_accounts.#": "0",
                            "source_tags.#": "0",
                            "target_service_accounts.#": "0",
                            "target_tags.#": "0"
                        },
                        "meta": {
                            "e2bfb730-ecaa-11e6-8f88-34363bc7c4c0": {
                                "create": 240000000000,
                                "delete": 240000000000,
                                "update": 240000000000
                            },
                            "schema_version": "1"
                        },
                        "tainted": false
                    },
                    "deposed": [],
                    "provider": "provider.google"
                },
                "google_compute_firewall.firewalls_public": {
                    "type": "google_compute_firewall",
                    "depends_on": [
                        "google_compute_network.networks"
                    ],
                    "primary": {
                        "id": "firewall-public",
                        "attributes": {
                            "allow.#": "2",
                            "allow.1367131964.ports.#": "0",
                            "allow.1367131964.protocol": "icmp",
                            "allow.186047796.ports.#": "2",
                            "allow.186047796.ports.0": "80",
                            "allow.186047796.ports.1": "22",
                            "allow.186047796.protocol": "tcp",
                            "creation_timestamp": "2020-02-18T23:55:17.019-08:00",
                            "deny.#": "0",
                            "description": "public firewall params",
                            "destination_ranges.#": "0",
                            "direction": "INGRESS",
                            "disabled": "false",
                            "id": "firewall-public",
                            "name": "firewall-public",
                            "network": "https://www.googleapis.com/compute/v1/projects/instant-river-268209/global/networks/dmitriy-vpc",
                            "priority": "1000",
                            "project": "instant-river-268209",
                            "self_link": "https://www.googleapis.com/compute/v1/projects/instant-river-268209/global/firewalls/firewall-public",
                            "source_ranges.#": "1",
                            "source_ranges.1080289494": "0.0.0.0/0",
                            "source_service_accounts.#": "0",
                            "source_tags.#": "0",
                            "target_service_accounts.#": "0",
                            "target_tags.#": "0"
                        },
                        "meta": {
                            "e2bfb730-ecaa-11e6-8f88-34363bc7c4c0": {
                                "create": 240000000000,
                                "delete": 240000000000,
                                "update": 240000000000
                            },
                            "schema_version": "1"
                        },
                        "tainted": false
                    },
                    "deposed": [],
                    "provider": "provider.google"
                },
                "google_compute_network.networks": {
                    "type": "google_compute_network",
                    "depends_on": [],
                    "primary": {
                        "id": "dmitriy-vpc",
                        "attributes": {
                            "auto_create_subnetworks": "false",
                            "delete_default_routes_on_create": "false",
                            "description": "network",
                            "gateway_ipv4": "",
                            "id": "dmitriy-vpc",
                            "ipv4_range": "",
                            "name": "dmitriy-vpc",
                            "project": "instant-river-268209",
                            "routing_mode": "REGIONAL",
                            "self_link": "https://www.googleapis.com/compute/v1/projects/instant-river-268209/global/networks/dmitriy-vpc"
                        },
                        "meta": {
                            "e2bfb730-ecaa-11e6-8f88-34363bc7c4c0": {
                                "create": 240000000000,
                                "delete": 240000000000,
                                "update": 240000000000
                            }
                        },
                        "tainted": false
                    },
                    "deposed": [],
                    "provider": "provider.google"
                },
                "google_compute_subnetwork.private_subnetwork": {
                    "type": "google_compute_subnetwork",
                    "depends_on": [
                        "google_compute_network.networks"
                    ],
                    "primary": {
                        "id": "us-central1/private-subnetwork",
                        "attributes": {
                            "creation_timestamp": "2020-02-18T23:55:17.064-08:00",
                            "description": "private params",
                            "enable_flow_logs": "false",
                            "fingerprint": "ekGy5WuLKF8=",
                            "gateway_address": "10.12.2.1",
                            "id": "us-central1/private-subnetwork",
                            "ip_cidr_range": "10.12.2.0/24",
                            "log_config.#": "0",
                            "name": "private-subnetwork",
                            "network": "https://www.googleapis.com/compute/v1/projects/instant-river-268209/global/networks/dmitriy-vpc",
                            "private_ip_google_access": "false",
                            "project": "instant-river-268209",
                            "region": "us-central1",
                            "secondary_ip_range.#": "0",
                            "self_link": "https://www.googleapis.com/compute/v1/projects/instant-river-268209/regions/us-central1/subnetworks/private-subnetwork"
                        },
                        "meta": {
                            "e2bfb730-ecaa-11e6-8f88-34363bc7c4c0": {
                                "create": 360000000000,
                                "delete": 360000000000,
                                "update": 360000000000
                            }
                        },
                        "tainted": false
                    },
                    "deposed": [],
                    "provider": "provider.google"
                },
                "google_compute_subnetwork.public_subnetwork": {
                    "type": "google_compute_subnetwork",
                    "depends_on": [
                        "google_compute_network.networks"
                    ],
                    "primary": {
                        "id": "us-central1/public-subnetwork",
                        "attributes": {
                            "creation_timestamp": "2020-02-18T23:55:17.048-08:00",
                            "description": "pugblic params",
                            "enable_flow_logs": "false",
                            "fingerprint": "RRlwnOTW_sY=",
                            "gateway_address": "10.12.1.1",
                            "id": "us-central1/public-subnetwork",
                            "ip_cidr_range": "10.12.1.0/24",
                            "log_config.#": "0",
                            "name": "public-subnetwork",
                            "network": "https://www.googleapis.com/compute/v1/projects/instant-river-268209/global/networks/dmitriy-vpc",
                            "private_ip_google_access": "false",
                            "project": "instant-river-268209",
                            "region": "us-central1",
                            "secondary_ip_range.#": "0",
                            "self_link": "https://www.googleapis.com/compute/v1/projects/instant-river-268209/regions/us-central1/subnetworks/public-subnetwork"
                        },
                        "meta": {
                            "e2bfb730-ecaa-11e6-8f88-34363bc7c4c0": {
                                "create": 360000000000,
                                "delete": 360000000000,
                                "update": 360000000000
                            }
                        },
                        "tainted": false
                    },
                    "deposed": [],
                    "provider": "provider.google"
                }
            },
            "depends_on": []
        }
    ]
}
