{
    "version": 3,
    "terraform_version": "0.11.14",
    "serial": 4,
    "lineage": "1b7b8d84-ed9b-922b-8603-b46fecbe51b2",
    "modules": [
        {
            "path": [
                "root"
            ],
            "outputs": {
                "InstanceIP": {
                    "sensitive": false,
                    "type": "string",
                    "value": "http://google_compute_instance.*.network_interface.0.access_config.0.nat_ip"
                }
            },
            "resources": {
                "data.google_compute_zones.available": {
                    "type": "google_compute_zones",
                    "depends_on": [],
                    "primary": {
                        "id": "2020-02-18 06:45:17.437822849 +0000 UTC",
                        "attributes": {
                            "id": "2020-02-18 06:45:17.437822849 +0000 UTC",
                            "names.#": "4",
                            "names.0": "us-central1-a",
                            "names.1": "us-central1-b",
                            "names.2": "us-central1-c",
                            "names.3": "us-central1-f",
                            "project": "vm-creating-codelab",
                            "region": "us-central1"
                        },
                        "meta": {},
                        "tainted": false
                    },
                    "deposed": [],
                    "provider": "provider.google"
                },
                "google_compute_instance.nginx-cw.0": {
                    "type": "google_compute_instance",
                    "depends_on": [],
                    "primary": {
                        "id": "nginx-classwork-terraform-1",
                        "attributes": {
                            "attached_disk.#": "0",
                            "boot_disk.#": "1",
                            "boot_disk.0.auto_delete": "true",
                            "boot_disk.0.device_name": "persistent-disk-0",
                            "boot_disk.0.disk_encryption_key_raw": "",
                            "boot_disk.0.disk_encryption_key_sha256": "",
                            "boot_disk.0.initialize_params.#": "1",
                            "boot_disk.0.initialize_params.0.image": "https://www.googleapis.com/compute/v1/projects/ubuntu-os-cloud/global/images/ubuntu-minimal-1604-xenial-v20200129",
                            "boot_disk.0.initialize_params.0.labels.%": "0",
                            "boot_disk.0.initialize_params.0.size": "30",
                            "boot_disk.0.initialize_params.0.type": "pd-ssd",
                            "boot_disk.0.kms_key_self_link": "",
                            "boot_disk.0.mode": "READ_WRITE",
                            "boot_disk.0.source": "https://www.googleapis.com/compute/v1/projects/vm-creating-codelab/zones/us-central1-a/disks/nginx-classwork-terraform-1",
                            "can_ip_forward": "false",
                            "cpu_platform": "Intel Haswell",
                            "deletion_protection": "true",
                            "description": "Nginx sample VM-1",
                            "enable_display": "false",
                            "guest_accelerator.#": "0",
                            "hostname": "",
                            "id": "nginx-classwork-terraform-1",
                            "instance_id": "2262113054527732613",
                            "label_fingerprint": "jzqlqP0yGao=",
                            "labels.%": "3",
                            "labels.osfamily": "debian",
                            "labels.servertype": "nginxserver",
                            "labels.wayofinstallation": "terraform",
                            "machine_type": "g1-small",
                            "metadata.%": "0",
                            "metadata_fingerprint": "xMreAChf7Bc=",
                            "metadata_startup_script": "sudo yum install -y nginx\nsudo systemctl restart nginx",
                            "min_cpu_platform": "",
                            "name": "nginx-classwork-terraform-1",
                            "network_interface.#": "1",
                            "network_interface.0.access_config.#": "1",
                            "network_interface.0.access_config.0.assigned_nat_ip": "",
                            "network_interface.0.access_config.0.nat_ip": "35.202.34.248",
                            "network_interface.0.access_config.0.network_tier": "PREMIUM",
                            "network_interface.0.access_config.0.public_ptr_domain_name": "",
                            "network_interface.0.address": "",
                            "network_interface.0.alias_ip_range.#": "0",
                            "network_interface.0.name": "nic0",
                            "network_interface.0.network": "https://www.googleapis.com/compute/v1/projects/vm-creating-codelab/global/networks/default",
                            "network_interface.0.network_ip": "10.128.0.14",
                            "network_interface.0.subnetwork": "https://www.googleapis.com/compute/v1/projects/vm-creating-codelab/regions/us-central1/subnetworks/default",
                            "network_interface.0.subnetwork_project": "vm-creating-codelab",
                            "project": "vm-creating-codelab",
                            "scheduling.#": "1",
                            "scheduling.0.automatic_restart": "true",
                            "scheduling.0.node_affinities.#": "0",
                            "scheduling.0.on_host_maintenance": "MIGRATE",
                            "scheduling.0.preemptible": "false",
                            "scratch_disk.#": "0",
                            "self_link": "https://www.googleapis.com/compute/v1/projects/vm-creating-codelab/zones/us-central1-a/instances/nginx-classwork-terraform-1",
                            "service_account.#": "0",
                            "shielded_instance_config.#": "0",
                            "tags.#": "2",
                            "tags.1936433573": "https-server",
                            "tags.988335155": "http-server",
                            "tags_fingerprint": "6smc4R4d39I=",
                            "zone": "us-central1-a"
                        },
                        "meta": {
                            "e2bfb730-ecaa-11e6-8f88-34363bc7c4c0": {
                                "create": 1200000000000,
                                "delete": 2400000000000,
                                "update": 1200000000000
                            },
                            "schema_version": "6"
                        },
                        "tainted": false
                    },
                    "deposed": [],
                    "provider": "provider.google"
                },
                "google_compute_instance.nginx-cw.1": {
                    "type": "google_compute_instance",
                    "depends_on": [],
                    "primary": {
                        "id": "nginx-classwork-terraform-2",
                        "attributes": {
                            "attached_disk.#": "0",
                            "boot_disk.#": "1",
                            "boot_disk.0.auto_delete": "true",
                            "boot_disk.0.device_name": "persistent-disk-0",
                            "boot_disk.0.disk_encryption_key_raw": "",
                            "boot_disk.0.disk_encryption_key_sha256": "",
                            "boot_disk.0.initialize_params.#": "1",
                            "boot_disk.0.initialize_params.0.image": "https://www.googleapis.com/compute/v1/projects/ubuntu-os-cloud/global/images/ubuntu-minimal-1604-xenial-v20200129",
                            "boot_disk.0.initialize_params.0.labels.%": "0",
                            "boot_disk.0.initialize_params.0.size": "30",
                            "boot_disk.0.initialize_params.0.type": "pd-ssd",
                            "boot_disk.0.kms_key_self_link": "",
                            "boot_disk.0.mode": "READ_WRITE",
                            "boot_disk.0.source": "https://www.googleapis.com/compute/v1/projects/vm-creating-codelab/zones/us-central1-a/disks/nginx-classwork-terraform-2",
                            "can_ip_forward": "false",
                            "cpu_platform": "Intel Haswell",
                            "deletion_protection": "true",
                            "description": "Nginx sample VM-2",
                            "enable_display": "false",
                            "guest_accelerator.#": "0",
                            "hostname": "",
                            "id": "nginx-classwork-terraform-2",
                            "instance_id": "915246396089973637",
                            "label_fingerprint": "jzqlqP0yGao=",
                            "labels.%": "3",
                            "labels.osfamily": "debian",
                            "labels.servertype": "nginxserver",
                            "labels.wayofinstallation": "terraform",
                            "machine_type": "g1-small",
                            "metadata.%": "0",
                            "metadata_fingerprint": "xMreAChf7Bc=",
                            "metadata_startup_script": "sudo yum install -y nginx\nsudo systemctl restart nginx",
                            "min_cpu_platform": "",
                            "name": "nginx-classwork-terraform-2",
                            "network_interface.#": "1",
                            "network_interface.0.access_config.#": "1",
                            "network_interface.0.access_config.0.assigned_nat_ip": "",
                            "network_interface.0.access_config.0.nat_ip": "34.69.147.153",
                            "network_interface.0.access_config.0.network_tier": "PREMIUM",
                            "network_interface.0.access_config.0.public_ptr_domain_name": "",
                            "network_interface.0.address": "",
                            "network_interface.0.alias_ip_range.#": "0",
                            "network_interface.0.name": "nic0",
                            "network_interface.0.network": "https://www.googleapis.com/compute/v1/projects/vm-creating-codelab/global/networks/default",
                            "network_interface.0.network_ip": "10.128.0.13",
                            "network_interface.0.subnetwork": "https://www.googleapis.com/compute/v1/projects/vm-creating-codelab/regions/us-central1/subnetworks/default",
                            "network_interface.0.subnetwork_project": "vm-creating-codelab",
                            "project": "vm-creating-codelab",
                            "scheduling.#": "1",
                            "scheduling.0.automatic_restart": "true",
                            "scheduling.0.node_affinities.#": "0",
                            "scheduling.0.on_host_maintenance": "MIGRATE",
                            "scheduling.0.preemptible": "false",
                            "scratch_disk.#": "0",
                            "self_link": "https://www.googleapis.com/compute/v1/projects/vm-creating-codelab/zones/us-central1-a/instances/nginx-classwork-terraform-2",
                            "service_account.#": "0",
                            "shielded_instance_config.#": "0",
                            "tags.#": "2",
                            "tags.1936433573": "https-server",
                            "tags.988335155": "http-server",
                            "tags_fingerprint": "6smc4R4d39I=",
                            "zone": "us-central1-a"
                        },
                        "meta": {
                            "e2bfb730-ecaa-11e6-8f88-34363bc7c4c0": {
                                "create": 1200000000000,
                                "delete": 2400000000000,
                                "update": 1200000000000
                            },
                            "schema_version": "6"
                        },
                        "tainted": false
                    },
                    "deposed": [],
                    "provider": "provider.google"
                }
            },
            "depends_on": []
        }
    ]
}
